
Microsoft Visual Studio Solution File, Format Version 12.00
# Visual Studio Version 17
VisualStudioVersion = 17.10.34928.147
MinimumVisualStudioVersion = 10.0.40219.1
Project("{FAE04EC0-301F-11D3-BF4B-00C04F79EFBC}") = "Task 2_ Factors of a number", "Task 2_ Factors of a number\Task 2_ Factors of a number.csproj", "{D1BA1BE4-B855-4173-B690-B00C1BA8EEEA}"
EndProject
Global
	GlobalSection(SolutionConfigurationPlatforms) = preSolution
		Debug|Any CPU = Debug|Any CPU
		Release|Any CPU = Release|Any CPU
	EndGlobalSection
	GlobalSection(ProjectConfigurationPlatforms) = postSolution
		{D1BA1BE4-B855-4173-B690-B00C1BA8EEEA}.Debug|Any CPU.ActiveCfg = Debug|Any CPU
		{D1BA1BE4-B855-4173-B690-B00C1BA8EEEA}.Debug|Any CPU.Build.0 = Debug|Any CPU
		{D1BA1BE4-B855-4173-B690-B00C1BA8EEEA}.Release|Any CPU.ActiveCfg = Release|Any CPU
		{D1BA1BE4-B855-4173-B690-B00C1BA8EEEA}.Release|Any CPU.Build.0 = Release|Any CPU
	EndGlobalSection
	GlobalSection(SolutionProperties) = preSolution
		HideSolutionNode = FALSE
	EndGlobalSection
	GlobalSection(ExtensibilityGlobals) = postSolution
		SolutionGuid = {D1E688CE-3937-482C-AB78-04F9D2638F88}
	EndGlobalSection
EndGlobal
